// !$*UTF8*$!
{
	archiveVersion = 1;
	classes = {
	};
	objectVersion = 56;
	objects = {

/* Begin PBXBuildFile section */
		22AC80A02966240C009160A3 /* AppDelegate.swift in Sources */ = {isa = PBXBuildFile; fileRef = 22AC809F2966240C009160A3 /* AppDelegate.swift */; };
		22AC80A22966240C009160A3 /* SceneDelegate.swift in Sources */ = {isa = PBXBuildFile; fileRef = 22AC80A12966240C009160A3 /* SceneDelegate.swift */; };
		22AC80A42966240C009160A3 /* LoginViewController.swift in Sources */ = {isa = PBXBuildFile; fileRef = 22AC80A32966240C009160A3 /* LoginViewController.swift */; };
		22AC80A92966240E009160A3 /* Assets.xcassets in Resources */ = {isa = PBXBuildFile; fileRef = 22AC80A82966240E009160A3 /* Assets.xcassets */; };
		22AC80B72966240E009160A3 /* iOSProyectoTests.swift in Sources */ = {isa = PBXBuildFile; fileRef = 22AC80B62966240E009160A3 /* iOSProyectoTests.swift */; };
		22AC80C12966240E009160A3 /* iOSProyectoUITests.swift in Sources */ = {isa = PBXBuildFile; fileRef = 22AC80C02966240E009160A3 /* iOSProyectoUITests.swift */; };
		22AC80C32966240E009160A3 /* iOSProyectoUITestsLaunchTests.swift in Sources */ = {isa = PBXBuildFile; fileRef = 22AC80C22966240E009160A3 /* iOSProyectoUITestsLaunchTests.swift */; };
		22AC80D02966265E009160A3 /* HomeViewController.swift in Sources */ = {isa = PBXBuildFile; fileRef = 22AC80CF2966265E009160A3 /* HomeViewController.swift */; };
		22AC80D229664DF2009160A3 /* DetailDeveloperViewController.swift in Sources */ = {isa = PBXBuildFile; fileRef = 22AC80D129664DF2009160A3 /* DetailDeveloperViewController.swift */; };
		22AC80D429665679009160A3 /* CustomCell.swift in Sources */ = {isa = PBXBuildFile; fileRef = 22AC80D329665679009160A3 /* CustomCell.swift */; };
		22AC80D629685C9D009160A3 /* LoginPresenter.swift in Sources */ = {isa = PBXBuildFile; fileRef = 22AC80D529685C9D009160A3 /* LoginPresenter.swift */; };
		22AC80D8296C587F009160A3 /* LoginPresenterTests.swift in Sources */ = {isa = PBXBuildFile; fileRef = 22AC80D7296C587F009160A3 /* LoginPresenterTests.swift */; };
		22AC8116296E155F009160A3 /* DevelopersTableViewDataSource.swift in Sources */ = {isa = PBXBuildFile; fileRef = 22AC8115296E155F009160A3 /* DevelopersTableViewDataSource.swift */; };
		22AC8118296E4E93009160A3 /* DevelopersTableViewDelegate.swift in Sources */ = {isa = PBXBuildFile; fileRef = 22AC8117296E4E93009160A3 /* DevelopersTableViewDelegate.swift */; };
		22AC811A29705005009160A3 /* DevelopersTableViewDataSourceTests.swift in Sources */ = {isa = PBXBuildFile; fileRef = 22AC811929705005009160A3 /* DevelopersTableViewDataSourceTests.swift */; };
		22AC811C29708345009160A3 /* DevelopersTableViewDelegateTests.swift in Sources */ = {isa = PBXBuildFile; fileRef = 22AC811B29708345009160A3 /* DevelopersTableViewDelegateTests.swift */; };
		22AC811E2970A751009160A3 /* NavigationDetailMock.swift in Sources */ = {isa = PBXBuildFile; fileRef = 22AC811D2970A751009160A3 /* NavigationDetailMock.swift */; };
		22AC81202970A8C7009160A3 /* HomeViewControllerProtocol.swift in Sources */ = {isa = PBXBuildFile; fileRef = 22AC811F2970A8C7009160A3 /* HomeViewControllerProtocol.swift */; };
/* End PBXBuildFile section */

/* Begin PBXContainerItemProxy section */
		22AC80B32966240E009160A3 /* PBXContainerItemProxy */ = {
			isa = PBXContainerItemProxy;
			containerPortal = 22AC80942966240C009160A3 /* Project object */;
			proxyType = 1;
			remoteGlobalIDString = 22AC809B2966240C009160A3;
			remoteInfo = iOSProyecto;
		};
		22AC80BD2966240E009160A3 /* PBXContainerItemProxy */ = {
			isa = PBXContainerItemProxy;
			containerPortal = 22AC80942966240C009160A3 /* Project object */;
			proxyType = 1;
			remoteGlobalIDString = 22AC809B2966240C009160A3;
			remoteInfo = iOSProyecto;
		};
/* End PBXContainerItemProxy section */

/* Begin PBXFileReference section */
		22AC809C2966240C009160A3 /* iOSProyecto.app */ = {isa = PBXFileReference; explicitFileType = wrapper.application; includeInIndex = 0; path = iOSProyecto.app; sourceTree = BUILT_PRODUCTS_DIR; };
		22AC809F2966240C009160A3 /* AppDelegate.swift */ = {isa = PBXFileReference; lastKnownFileType = sourcecode.swift; path = AppDelegate.swift; sourceTree = "<group>"; };
		22AC80A12966240C009160A3 /* SceneDelegate.swift */ = {isa = PBXFileReference; lastKnownFileType = sourcecode.swift; path = SceneDelegate.swift; sourceTree = "<group>"; };
		22AC80A32966240C009160A3 /* LoginViewController.swift */ = {isa = PBXFileReference; lastKnownFileType = sourcecode.swift; path = LoginViewController.swift; sourceTree = "<group>"; };
		22AC80A82966240E009160A3 /* Assets.xcassets */ = {isa = PBXFileReference; lastKnownFileType = folder.assetcatalog; path = Assets.xcassets; sourceTree = "<group>"; };
		22AC80AD2966240E009160A3 /* Info.plist */ = {isa = PBXFileReference; lastKnownFileType = text.plist.xml; path = Info.plist; sourceTree = "<group>"; };
		22AC80B22966240E009160A3 /* iOSProyectoTests.xctest */ = {isa = PBXFileReference; explicitFileType = wrapper.cfbundle; includeInIndex = 0; path = iOSProyectoTests.xctest; sourceTree = BUILT_PRODUCTS_DIR; };
		22AC80B62966240E009160A3 /* iOSProyectoTests.swift */ = {isa = PBXFileReference; lastKnownFileType = sourcecode.swift; path = iOSProyectoTests.swift; sourceTree = "<group>"; };
		22AC80BC2966240E009160A3 /* iOSProyectoUITests.xctest */ = {isa = PBXFileReference; explicitFileType = wrapper.cfbundle; includeInIndex = 0; path = iOSProyectoUITests.xctest; sourceTree = BUILT_PRODUCTS_DIR; };
		22AC80C02966240E009160A3 /* iOSProyectoUITests.swift */ = {isa = PBXFileReference; lastKnownFileType = sourcecode.swift; path = iOSProyectoUITests.swift; sourceTree = "<group>"; };
		22AC80C22966240E009160A3 /* iOSProyectoUITestsLaunchTests.swift */ = {isa = PBXFileReference; lastKnownFileType = sourcecode.swift; path = iOSProyectoUITestsLaunchTests.swift; sourceTree = "<group>"; };
		22AC80CF2966265E009160A3 /* HomeViewController.swift */ = {isa = PBXFileReference; lastKnownFileType = sourcecode.swift; path = HomeViewController.swift; sourceTree = "<group>"; };
		22AC80D129664DF2009160A3 /* DetailDeveloperViewController.swift */ = {isa = PBXFileReference; lastKnownFileType = sourcecode.swift; path = DetailDeveloperViewController.swift; sourceTree = "<group>"; };
		22AC80D329665679009160A3 /* CustomCell.swift */ = {isa = PBXFileReference; lastKnownFileType = sourcecode.swift; path = CustomCell.swift; sourceTree = "<group>"; };
		22AC80D529685C9D009160A3 /* LoginPresenter.swift */ = {isa = PBXFileReference; lastKnownFileType = sourcecode.swift; path = LoginPresenter.swift; sourceTree = "<group>"; };
		22AC80D7296C587F009160A3 /* LoginPresenterTests.swift */ = {isa = PBXFileReference; lastKnownFileType = sourcecode.swift; path = LoginPresenterTests.swift; sourceTree = "<group>"; };
		22AC8115296E155F009160A3 /* DevelopersTableViewDataSource.swift */ = {isa = PBXFileReference; lastKnownFileType = sourcecode.swift; path = DevelopersTableViewDataSource.swift; sourceTree = "<group>"; };
		22AC8117296E4E93009160A3 /* DevelopersTableViewDelegate.swift */ = {isa = PBXFileReference; lastKnownFileType = sourcecode.swift; path = DevelopersTableViewDelegate.swift; sourceTree = "<group>"; };
		22AC811929705005009160A3 /* DevelopersTableViewDataSourceTests.swift */ = {isa = PBXFileReference; lastKnownFileType = sourcecode.swift; path = DevelopersTableViewDataSourceTests.swift; sourceTree = "<group>"; };
		22AC811B29708345009160A3 /* DevelopersTableViewDelegateTests.swift */ = {isa = PBXFileReference; lastKnownFileType = sourcecode.swift; path = DevelopersTableViewDelegateTests.swift; sourceTree = "<group>"; };
		22AC811D2970A751009160A3 /* NavigationDetailMock.swift */ = {isa = PBXFileReference; lastKnownFileType = sourcecode.swift; path = NavigationDetailMock.swift; sourceTree = "<group>"; };
		22AC811F2970A8C7009160A3 /* HomeViewControllerProtocol.swift */ = {isa = PBXFileReference; lastKnownFileType = sourcecode.swift; path = HomeViewControllerProtocol.swift; sourceTree = "<group>"; };
/* End PBXFileReference section */

/* Begin PBXFrameworksBuildPhase section */
		22AC80992966240C009160A3 /* Frameworks */ = {
			isa = PBXFrameworksBuildPhase;
			buildActionMask = 2147483647;
			files = (
			);
			runOnlyForDeploymentPostprocessing = 0;
		};
		22AC80AF2966240E009160A3 /* Frameworks */ = {
			isa = PBXFrameworksBuildPhase;
			buildActionMask = 2147483647;
			files = (
			);
			runOnlyForDeploymentPostprocessing = 0;
		};
		22AC80B92966240E009160A3 /* Frameworks */ = {
			isa = PBXFrameworksBuildPhase;
			buildActionMask = 2147483647;
			files = (
			);
			runOnlyForDeploymentPostprocessing = 0;
		};
/* End PBXFrameworksBuildPhase section */

/* Begin PBXGroup section */
		22AC80932966240C009160A3 = {
			isa = PBXGroup;
			children = (
				22AC809E2966240C009160A3 /* iOSProyecto */,
				22AC80B52966240E009160A3 /* iOSProyectoTests */,
				22AC80BF2966240E009160A3 /* iOSProyectoUITests */,
				22AC809D2966240C009160A3 /* Products */,
			);
			sourceTree = "<group>";
		};
		22AC809D2966240C009160A3 /* Products */ = {
			isa = PBXGroup;
			children = (
				22AC809C2966240C009160A3 /* iOSProyecto.app */,
				22AC80B22966240E009160A3 /* iOSProyectoTests.xctest */,
				22AC80BC2966240E009160A3 /* iOSProyectoUITests.xctest */,
			);
			name = Products;
			sourceTree = "<group>";
		};
		22AC809E2966240C009160A3 /* iOSProyecto */ = {
			isa = PBXGroup;
			children = (
				22AC809F2966240C009160A3 /* AppDelegate.swift */,
				22AC80A12966240C009160A3 /* SceneDelegate.swift */,
				22AC80A32966240C009160A3 /* LoginViewController.swift */,
				22AC80D529685C9D009160A3 /* LoginPresenter.swift */,
				22AC80CF2966265E009160A3 /* HomeViewController.swift */,
				22AC8115296E155F009160A3 /* DevelopersTableViewDataSource.swift */,
				22AC8117296E4E93009160A3 /* DevelopersTableViewDelegate.swift */,
				22AC811F2970A8C7009160A3 /* HomeViewControllerProtocol.swift */,
				22AC80D329665679009160A3 /* CustomCell.swift */,
				22AC80D129664DF2009160A3 /* DetailDeveloperViewController.swift */,
				22AC80A82966240E009160A3 /* Assets.xcassets */,
				22AC80AD2966240E009160A3 /* Info.plist */,
			);
			path = iOSProyecto;
			sourceTree = "<group>";
		};
		22AC80B52966240E009160A3 /* iOSProyectoTests */ = {
			isa = PBXGroup;
			children = (
				22AC80B62966240E009160A3 /* iOSProyectoTests.swift */,
				22AC80D7296C587F009160A3 /* LoginPresenterTests.swift */,
				22AC811929705005009160A3 /* DevelopersTableViewDataSourceTests.swift */,
				22AC811B29708345009160A3 /* DevelopersTableViewDelegateTests.swift */,
				22AC811D2970A751009160A3 /* NavigationDetailMock.swift */,
			);
			path = iOSProyectoTests;
			sourceTree = "<group>";
		};
		22AC80BF2966240E009160A3 /* iOSProyectoUITests */ = {
			isa = PBXGroup;
			children = (
				22AC80C02966240E009160A3 /* iOSProyectoUITests.swift */,
				22AC80C22966240E009160A3 /* iOSProyectoUITestsLaunchTests.swift */,
			);
			path = iOSProyectoUITests;
			sourceTree = "<group>";
		};
/* End PBXGroup section */

/* Begin PBXNativeTarget section */
		22AC809B2966240C009160A3 /* iOSProyecto */ = {
			isa = PBXNativeTarget;
			buildConfigurationList = 22AC80C62966240E009160A3 /* Build configuration list for PBXNativeTarget "iOSProyecto" */;
			buildPhases = (
				22AC80982966240C009160A3 /* Sources */,
				22AC80992966240C009160A3 /* Frameworks */,
				22AC809A2966240C009160A3 /* Resources */,
			);
			buildRules = (
			);
			dependencies = (
			);
			name = iOSProyecto;
			productName = iOSProyecto;
			productReference = 22AC809C2966240C009160A3 /* iOSProyecto.app */;
			productType = "com.apple.product-type.application";
		};
		22AC80B12966240E009160A3 /* iOSProyectoTests */ = {
			isa = PBXNativeTarget;
			buildConfigurationList = 22AC80C92966240E009160A3 /* Build configuration list for PBXNativeTarget "iOSProyectoTests" */;
			buildPhases = (
				22AC80AE2966240E009160A3 /* Sources */,
				22AC80AF2966240E009160A3 /* Frameworks */,
				22AC80B02966240E009160A3 /* Resources */,
			);
			buildRules = (
			);
			dependencies = (
				22AC80B42966240E009160A3 /* PBXTargetDependency */,
			);
			name = iOSProyectoTests;
			productName = iOSProyectoTests;
			productReference = 22AC80B22966240E009160A3 /* iOSProyectoTests.xctest */;
			productType = "com.apple.product-type.bundle.unit-test";
		};
		22AC80BB2966240E009160A3 /* iOSProyectoUITests */ = {
			isa = PBXNativeTarget;
			buildConfigurationList = 22AC80CC2966240E009160A3 /* Build configuration list for PBXNativeTarget "iOSProyectoUITests" */;
			buildPhases = (
				22AC80B82966240E009160A3 /* Sources */,
				22AC80B92966240E009160A3 /* Frameworks */,
				22AC80BA2966240E009160A3 /* Resources */,
			);
			buildRules = (
			);
			dependencies = (
				22AC80BE2966240E009160A3 /* PBXTargetDependency */,
			);
			name = iOSProyectoUITests;
			productName = iOSProyectoUITests;
			productReference = 22AC80BC2966240E009160A3 /* iOSProyectoUITests.xctest */;
			productType = "com.apple.product-type.bundle.ui-testing";
		};
/* End PBXNativeTarget section */

/* Begin PBXProject section */
		22AC80942966240C009160A3 /* Project object */ = {
			isa = PBXProject;
			attributes = {
				BuildIndependentTargetsInParallel = 1;
				LastSwiftUpdateCheck = 1420;
				LastUpgradeCheck = 1420;
				TargetAttributes = {
					22AC809B2966240C009160A3 = {
						CreatedOnToolsVersion = 14.2;
					};
					22AC80B12966240E009160A3 = {
						CreatedOnToolsVersion = 14.2;
						TestTargetID = 22AC809B2966240C009160A3;
					};
					22AC80BB2966240E009160A3 = {
						CreatedOnToolsVersion = 14.2;
						TestTargetID = 22AC809B2966240C009160A3;
					};
				};
			};
			buildConfigurationList = 22AC80972966240C009160A3 /* Build configuration list for PBXProject "iOSProyecto" */;
			compatibilityVersion = "Xcode 14.0";
			developmentRegion = en;
			hasScannedForEncodings = 0;
			knownRegions = (
				en,
				Base,
			);
			mainGroup = 22AC80932966240C009160A3;
			productRefGroup = 22AC809D2966240C009160A3 /* Products */;
			projectDirPath = "";
			projectRoot = "";
			targets = (
				22AC809B2966240C009160A3 /* iOSProyecto */,
				22AC80B12966240E009160A3 /* iOSProyectoTests */,
				22AC80BB2966240E009160A3 /* iOSProyectoUITests */,
			);
		};
/* End PBXProject section */

/* Begin PBXResourcesBuildPhase section */
		22AC809A2966240C009160A3 /* Resources */ = {
			isa = PBXResourcesBuildPhase;
			buildActionMask = 2147483647;
			files = (
				22AC80A92966240E009160A3 /* Assets.xcassets in Resources */,
			);
			runOnlyForDeploymentPostprocessing = 0;
		};
		22AC80B02966240E009160A3 /* Resources */ = {
			isa = PBXResourcesBuildPhase;
			buildActionMask = 2147483647;
			files = (
			);
			runOnlyForDeploymentPostprocessing = 0;
		};
		22AC80BA2966240E009160A3 /* Resources */ = {
			isa = PBXResourcesBuildPhase;
			buildActionMask = 2147483647;
			files = (
			);
			runOnlyForDeploymentPostprocessing = 0;
		};
/* End PBXResourcesBuildPhase section */

/* Begin PBXSourcesBuildPhase section */
		22AC80982966240C009160A3 /* Sources */ = {
			isa = PBXSourcesBuildPhase;
			buildActionMask = 2147483647;
			files = (
				22AC8116296E155F009160A3 /* DevelopersTableViewDataSource.swift in Sources */,
				22AC80A42966240C009160A3 /* LoginViewController.swift in Sources */,
				22AC80A02966240C009160A3 /* AppDelegate.swift in Sources */,
				22AC80D629685C9D009160A3 /* LoginPresenter.swift in Sources */,
				22AC80A22966240C009160A3 /* SceneDelegate.swift in Sources */,
				22AC80D229664DF2009160A3 /* DetailDeveloperViewController.swift in Sources */,
				22AC80D429665679009160A3 /* CustomCell.swift in Sources */,
				22AC80D02966265E009160A3 /* HomeViewController.swift in Sources */,
				22AC81202970A8C7009160A3 /* HomeViewControllerProtocol.swift in Sources */,
				22AC8118296E4E93009160A3 /* DevelopersTableViewDelegate.swift in Sources */,
			);
			runOnlyForDeploymentPostprocessing = 0;
		};
		22AC80AE2966240E009160A3 /* Sources */ = {
			isa = PBXSourcesBuildPhase;
			buildActionMask = 2147483647;
			files = (
				22AC80D8296C587F009160A3 /* LoginPresenterTests.swift in Sources */,
				22AC811E2970A751009160A3 /* NavigationDetailMock.swift in Sources */,
				22AC80B72966240E009160A3 /* iOSProyectoTests.swift in Sources */,
				22AC811A29705005009160A3 /* DevelopersTableViewDataSourceTests.swift in Sources */,
				22AC811C29708345009160A3 /* DevelopersTableViewDelegateTests.swift in Sources */,
			);
			runOnlyForDeploymentPostprocessing = 0;
		};
		22AC80B82966240E009160A3 /* Sources */ = {
			isa = PBXSourcesBuildPhase;
			buildActionMask = 2147483647;
			files = (
				22AC80C12966240E009160A3 /* iOSProyectoUITests.swift in Sources */,
				22AC80C32966240E009160A3 /* iOSProyectoUITestsLaunchTests.swift in Sources */,
			);
			runOnlyForDeploymentPostprocessing = 0;
		};
/* End PBXSourcesBuildPhase section */

/* Begin PBXTargetDependency section */
		22AC80B42966240E009160A3 /* PBXTargetDependency */ = {
			isa = PBXTargetDependency;
			target = 22AC809B2966240C009160A3 /* iOSProyecto */;
			targetProxy = 22AC80B32966240E009160A3 /* PBXContainerItemProxy */;
		};
		22AC80BE2966240E009160A3 /* PBXTargetDependency */ = {
			isa = PBXTargetDependency;
			target = 22AC809B2966240C009160A3 /* iOSProyecto */;
			targetProxy = 22AC80BD2966240E009160A3 /* PBXContainerItemProxy */;
		};
/* End PBXTargetDependency section */

/* Begin XCBuildConfiguration section */
		22AC80C42966240E009160A3 /* Debug */ = {
			isa = XCBuildConfiguration;
			buildSettings = {
				ALWAYS_SEARCH_USER_PATHS = NO;
				CLANG_ANALYZER_NONNULL = YES;
				CLANG_ANALYZER_NUMBER_OBJECT_CONVERSION = YES_AGGRESSIVE;
				CLANG_CXX_LANGUAGE_STANDARD = "gnu++20";
				CLANG_ENABLE_MODULES = YES;
				CLANG_ENABLE_OBJC_ARC = YES;
				CLANG_ENABLE_OBJC_WEAK = YES;
				CLANG_WARN_BLOCK_CAPTURE_AUTORELEASING = YES;
				CLANG_WARN_BOOL_CONVERSION = YES;
				CLANG_WARN_COMMA = YES;
				CLANG_WARN_CONSTANT_CONVERSION = YES;
				CLANG_WARN_DEPRECATED_OBJC_IMPLEMENTATIONS = YES;
				CLANG_WARN_DIRECT_OBJC_ISA_USAGE = YES_ERROR;
				CLANG_WARN_DOCUMENTATION_COMMENTS = YES;
				CLANG_WARN_EMPTY_BODY = YES;
				CLANG_WARN_ENUM_CONVERSION = YES;
				CLANG_WARN_INFINITE_RECURSION = YES;
				CLANG_WARN_INT_CONVERSION = YES;
				CLANG_WARN_NON_LITERAL_NULL_CONVERSION = YES;
				CLANG_WARN_OBJC_IMPLICIT_RETAIN_SELF = YES;
				CLANG_WARN_OBJC_LITERAL_CONVERSION = YES;
				CLANG_WARN_OBJC_ROOT_CLASS = YES_ERROR;
				CLANG_WARN_QUOTED_INCLUDE_IN_FRAMEWORK_HEADER = YES;
				CLANG_WARN_RANGE_LOOP_ANALYSIS = YES;
				CLANG_WARN_STRICT_PROTOTYPES = YES;
				CLANG_WARN_SUSPICIOUS_MOVE = YES;
				CLANG_WARN_UNGUARDED_AVAILABILITY = YES_AGGRESSIVE;
				CLANG_WARN_UNREACHABLE_CODE = YES;
				CLANG_WARN__DUPLICATE_METHOD_MATCH = YES;
				COPY_PHASE_STRIP = NO;
				DEBUG_INFORMATION_FORMAT = dwarf;
				ENABLE_STRICT_OBJC_MSGSEND = YES;
				ENABLE_TESTABILITY = YES;
				GCC_C_LANGUAGE_STANDARD = gnu11;
				GCC_DYNAMIC_NO_PIC = NO;
				GCC_NO_COMMON_BLOCKS = YES;
				GCC_OPTIMIZATION_LEVEL = 0;
				GCC_PREPROCESSOR_DEFINITIONS = (
					"DEBUG=1",
					"$(inherited)",
				);
				GCC_WARN_64_TO_32_BIT_CONVERSION = YES;
				GCC_WARN_ABOUT_RETURN_TYPE = YES_ERROR;
				GCC_WARN_UNDECLARED_SELECTOR = YES;
				GCC_WARN_UNINITIALIZED_AUTOS = YES_AGGRESSIVE;
				GCC_WARN_UNUSED_FUNCTION = YES;
				GCC_WARN_UNUSED_VARIABLE = YES;
				IPHONEOS_DEPLOYMENT_TARGET = 16.2;
				MTL_ENABLE_DEBUG_INFO = INCLUDE_SOURCE;
				MTL_FAST_MATH = YES;
				ONLY_ACTIVE_ARCH = YES;
				SDKROOT = iphoneos;
				SWIFT_ACTIVE_COMPILATION_CONDITIONS = DEBUG;
				SWIFT_OPTIMIZATION_LEVEL = "-Onone";
			};
			name = Debug;
		};
		22AC80C52966240E009160A3 /* Release */ = {
			isa = XCBuildConfiguration;
			buildSettings = {
				ALWAYS_SEARCH_USER_PATHS = NO;
				CLANG_ANALYZER_NONNULL = YES;
				CLANG_ANALYZER_NUMBER_OBJECT_CONVERSION = YES_AGGRESSIVE;
				CLANG_CXX_LANGUAGE_STANDARD = "gnu++20";
				CLANG_ENABLE_MODULES = YES;
				CLANG_ENABLE_OBJC_ARC = YES;
				CLANG_ENABLE_OBJC_WEAK = YES;
				CLANG_WARN_BLOCK_CAPTURE_AUTORELEASING = YES;
				CLANG_WARN_BOOL_CONVERSION = YES;
				CLANG_WARN_COMMA = YES;
				CLANG_WARN_CONSTANT_CONVERSION = YES;
				CLANG_WARN_DEPRECATED_OBJC_IMPLEMENTATIONS = YES;
				CLANG_WARN_DIRECT_OBJC_ISA_USAGE = YES_ERROR;
				CLANG_WARN_DOCUMENTATION_COMMENTS = YES;
				CLANG_WARN_EMPTY_BODY = YES;
				CLANG_WARN_ENUM_CONVERSION = YES;
				CLANG_WARN_INFINITE_RECURSION = YES;
				CLANG_WARN_INT_CONVERSION = YES;
				CLANG_WARN_NON_LITERAL_NULL_CONVERSION = YES;
				CLANG_WARN_OBJC_IMPLICIT_RETAIN_SELF = YES;
				CLANG_WARN_OBJC_LITERAL_CONVERSION = YES;
				CLANG_WARN_OBJC_ROOT_CLASS = YES_ERROR;
				CLANG_WARN_QUOTED_INCLUDE_IN_FRAMEWORK_HEADER = YES;
				CLANG_WARN_RANGE_LOOP_ANALYSIS = YES;
				CLANG_WARN_STRICT_PROTOTYPES = YES;
				CLANG_WARN_SUSPICIOUS_MOVE = YES;
				CLANG_WARN_UNGUARDED_AVAILABILITY = YES_AGGRESSIVE;
				CLANG_WARN_UNREACHABLE_CODE = YES;
				CLANG_WARN__DUPLICATE_METHOD_MATCH = YES;
				COPY_PHASE_STRIP = NO;
				DEBUG_INFORMATION_FORMAT = "dwarf-with-dsym";
				ENABLE_NS_ASSERTIONS = NO;
				ENABLE_STRICT_OBJC_MSGSEND = YES;
				GCC_C_LANGUAGE_STANDARD = gnu11;
				GCC_NO_COMMON_BLOCKS = YES;
				GCC_WARN_64_TO_32_BIT_CONVERSION = YES;
				GCC_WARN_ABOUT_RETURN_TYPE = YES_ERROR;
				GCC_WARN_UNDECLARED_SELECTOR = YES;
				GCC_WARN_UNINITIALIZED_AUTOS = YES_AGGRESSIVE;
				GCC_WARN_UNUSED_FUNCTION = YES;
				GCC_WARN_UNUSED_VARIABLE = YES;
				IPHONEOS_DEPLOYMENT_TARGET = 16.2;
				MTL_ENABLE_DEBUG_INFO = NO;
				MTL_FAST_MATH = YES;
				SDKROOT = iphoneos;
				SWIFT_COMPILATION_MODE = wholemodule;
				SWIFT_OPTIMIZATION_LEVEL = "-O";
				VALIDATE_PRODUCT = YES;
			};
			name = Release;
		};
		22AC80C72966240E009160A3 /* Debug */ = {
			isa = XCBuildConfiguration;
			buildSettings = {
				ASSETCATALOG_COMPILER_APPICON_NAME = AppIcon;
				ASSETCATALOG_COMPILER_GLOBAL_ACCENT_COLOR_NAME = AccentColor;
				CODE_SIGN_STYLE = Automatic;
				CURRENT_PROJECT_VERSION = 1;
				GENERATE_INFOPLIST_FILE = YES;
				INFOPLIST_FILE = iOSProyecto/Info.plist;
				INFOPLIST_KEY_UIApplicationSupportsIndirectInputEvents = YES;
				INFOPLIST_KEY_UILaunchStoryboardName = LaunchScreen;
				INFOPLIST_KEY_UISupportedInterfaceOrientations_iPad = "UIInterfaceOrientationPortrait UIInterfaceOrientationPortraitUpsideDown UIInterfaceOrientationLandscapeLeft UIInterfaceOrientationLandscapeRight";
				INFOPLIST_KEY_UISupportedInterfaceOrientations_iPhone = "UIInterfaceOrientationPortrait UIInterfaceOrientationLandscapeLeft UIInterfaceOrientationLandscapeRight";
				LD_RUNPATH_SEARCH_PATHS = (
					"$(inherited)",
					"@executable_path/Frameworks",
				);
				MARKETING_VERSION = 1.0;
				PRODUCT_BUNDLE_IDENTIFIER = mayre.iOSProyecto;
				PRODUCT_NAME = "$(TARGET_NAME)";
				SWIFT_EMIT_LOC_STRINGS = YES;
				SWIFT_VERSION = 5.0;
				TARGETED_DEVICE_FAMILY = "1,2";
			};
			name = Debug;
		};
		22AC80C82966240E009160A3 /* Release */ = {
			isa = XCBuildConfiguration;
			buildSettings = {
				ASSETCATALOG_COMPILER_APPICON_NAME = AppIcon;
				ASSETCATALOG_COMPILER_GLOBAL_ACCENT_COLOR_NAME = AccentColor;
				CODE_SIGN_STYLE = Automatic;
				CURRENT_PROJECT_VERSION = 1;
				GENERATE_INFOPLIST_FILE = YES;
				INFOPLIST_FILE = iOSProyecto/Info.plist;
				INFOPLIST_KEY_UIApplicationSupportsIndirectInputEvents = YES;
				INFOPLIST_KEY_UILaunchStoryboardName = LaunchScreen;
				INFOPLIST_KEY_UISupportedInterfaceOrientations_iPad = "UIInterfaceOrientationPortrait UIInterfaceOrientationPortraitUpsideDown UIInterfaceOrientationLandscapeLeft UIInterfaceOrientationLandscapeRight";
				INFOPLIST_KEY_UISupportedInterfaceOrientations_iPhone = "UIInterfaceOrientationPortrait UIInterfaceOrientationLandscapeLeft UIInterfaceOrientationLandscapeRight";
				LD_RUNPATH_SEARCH_PATHS = (
					"$(inherited)",
					"@executable_path/Frameworks",
				);
				MARKETING_VERSION = 1.0;
				PRODUCT_BUNDLE_IDENTIFIER = mayre.iOSProyecto;
				PRODUCT_NAME = "$(TARGET_NAME)";
				SWIFT_EMIT_LOC_STRINGS = YES;
				SWIFT_VERSION = 5.0;
				TARGETED_DEVICE_FAMILY = "1,2";
			};
			name = Release;
		};
		22AC80CA2966240E009160A3 /* Debug */ = {
			isa = XCBuildConfiguration;
			buildSettings = {
				ALWAYS_EMBED_SWIFT_STANDARD_LIBRARIES = YES;
				BUNDLE_LOADER = "$(TEST_HOST)";
				CODE_SIGN_STYLE = Automatic;
				CURRENT_PROJECT_VERSION = 1;
				GENERATE_INFOPLIST_FILE = YES;
				IPHONEOS_DEPLOYMENT_TARGET = 16.2;
				MARKETING_VERSION = 1.0;
				PRODUCT_BUNDLE_IDENTIFIER = mayre.iOSProyectoTests;
				PRODUCT_NAME = "$(TARGET_NAME)";
				SWIFT_EMIT_LOC_STRINGS = NO;
				SWIFT_VERSION = 5.0;
				TARGETED_DEVICE_FAMILY = "1,2";
				TEST_HOST = "$(BUILT_PRODUCTS_DIR)/iOSProyecto.app/$(BUNDLE_EXECUTABLE_FOLDER_PATH)/iOSProyecto";
			};
			name = Debug;
		};
		22AC80CB2966240E009160A3 /* Release */ = {
			isa = XCBuildConfiguration;
			buildSettings = {
				ALWAYS_EMBED_SWIFT_STANDARD_LIBRARIES = YES;
				BUNDLE_LOADER = "$(TEST_HOST)";
				CODE_SIGN_STYLE = Automatic;
				CURRENT_PROJECT_VERSION = 1;
				GENERATE_INFOPLIST_FILE = YES;
				IPHONEOS_DEPLOYMENT_TARGET = 16.2;
				MARKETING_VERSION = 1.0;
				PRODUCT_BUNDLE_IDENTIFIER = mayre.iOSProyectoTests;
				PRODUCT_NAME = "$(TARGET_NAME)";
				SWIFT_EMIT_LOC_STRINGS = NO;
				SWIFT_VERSION = 5.0;
				TARGETED_DEVICE_FAMILY = "1,2";
				TEST_HOST = "$(BUILT_PRODUCTS_DIR)/iOSProyecto.app/$(BUNDLE_EXECUTABLE_FOLDER_PATH)/iOSProyecto";
			};
			name = Release;
		};
		22AC80CD2966240E009160A3 /* Debug */ = {
			isa = XCBuildConfiguration;
			buildSettings = {
				ALWAYS_EMBED_SWIFT_STANDARD_LIBRARIES = YES;
				CODE_SIGN_STYLE = Automatic;
				CURRENT_PROJECT_VERSION = 1;
				GENERATE_INFOPLIST_FILE = YES;
				MARKETING_VERSION = 1.0;
				PRODUCT_BUNDLE_IDENTIFIER = mayre.iOSProyectoUITests;
				PRODUCT_NAME = "$(TARGET_NAME)";
				SWIFT_EMIT_LOC_STRINGS = NO;
				SWIFT_VERSION = 5.0;
				TARGETED_DEVICE_FAMILY = "1,2";
				TEST_TARGET_NAME = iOSProyecto;
			};
			name = Debug;
		};
		22AC80CE2966240E009160A3 /* Release */ = {
			isa = XCBuildConfiguration;
			buildSettings = {
				ALWAYS_EMBED_SWIFT_STANDARD_LIBRARIES = YES;
				CODE_SIGN_STYLE = Automatic;
				CURRENT_PROJECT_VERSION = 1;
				GENERATE_INFOPLIST_FILE = YES;
				MARKETING_VERSION = 1.0;
				PRODUCT_BUNDLE_IDENTIFIER = mayre.iOSProyectoUITests;
				PRODUCT_NAME = "$(TARGET_NAME)";
				SWIFT_EMIT_LOC_STRINGS = NO;
				SWIFT_VERSION = 5.0;
				TARGETED_DEVICE_FAMILY = "1,2";
				TEST_TARGET_NAME = iOSProyecto;
			};
			name = Release;
		};
/* End XCBuildConfiguration section */

/* Begin XCConfigurationList section */
		22AC80972966240C009160A3 /* Build configuration list for PBXProject "iOSProyecto" */ = {
			isa = XCConfigurationList;
			buildConfigurations = (
				22AC80C42966240E009160A3 /* Debug */,
				22AC80C52966240E009160A3 /* Release */,
			);
			defaultConfigurationIsVisible = 0;
			defaultConfigurationName = Release;
		};
		22AC80C62966240E009160A3 /* Build configuration list for PBXNativeTarget "iOSProyecto" */ = {
			isa = XCConfigurationList;
			buildConfigurations = (
				22AC80C72966240E009160A3 /* Debug */,
				22AC80C82966240E009160A3 /* Release */,
			);
			defaultConfigurationIsVisible = 0;
			defaultConfigurationName = Release;
		};
		22AC80C92966240E009160A3 /* Build configuration list for PBXNativeTarget "iOSProyectoTests" */ = {
			isa = XCConfigurationList;
			buildConfigurations = (
				22AC80CA2966240E009160A3 /* Debug */,
				22AC80CB2966240E009160A3 /* Release */,
			);
			defaultConfigurationIsVisible = 0;
			defaultConfigurationName = Release;
		};
		22AC80CC2966240E009160A3 /* Build configuration list for PBXNativeTarget "iOSProyectoUITests" */ = {
			isa = XCConfigurationList;
			buildConfigurations = (
				22AC80CD2966240E009160A3 /* Debug */,
				22AC80CE2966240E009160A3 /* Release */,
			);
			defaultConfigurationIsVisible = 0;
			defaultConfigurationName = Release;
		};
/* End XCConfigurationList section */
	};
	rootObject = 22AC80942966240C009160A3 /* Project object */;
}
